
Microsoft Visual Studio Solution File, Format Version 12.00
# Visual Studio Version 17
VisualStudioVersion = 17.9.34714.143
MinimumVisualStudioVersion = 10.0.40219.1
Project("{FAE04EC0-301F-11D3-BF4B-00C04F79EFBC}") = "Srp", "Srp\Srp.csproj", "{0CAB781F-8245-48AD-B38E-17C1D6AFC710}"
EndProject
Project("{FAE04EC0-301F-11D3-BF4B-00C04F79EFBC}") = "Ocp", "Ocp\Ocp.csproj", "{A5F6093A-9934-4A74-9C41-A9AFC14E1E9A}"
EndProject
Project("{FAE04EC0-301F-11D3-BF4B-00C04F79EFBC}") = "Lsp", "Lsp\Lsp.csproj", "{67A77F7B-73D4-4860-85A2-88EAB1C7CA98}"
EndProject
Project("{FAE04EC0-301F-11D3-BF4B-00C04F79EFBC}") = "Isp", "Isp\Isp.csproj", "{FA5FCB64-1ACE-453B-993C-B49CE639FC59}"
EndProject
Global
	GlobalSection(SolutionConfigurationPlatforms) = preSolution
		Debug|Any CPU = Debug|Any CPU
		Release|Any CPU = Release|Any CPU
	EndGlobalSection
	GlobalSection(ProjectConfigurationPlatforms) = postSolution
		{0CAB781F-8245-48AD-B38E-17C1D6AFC710}.Debug|Any CPU.ActiveCfg = Debug|Any CPU
		{0CAB781F-8245-48AD-B38E-17C1D6AFC710}.Debug|Any CPU.Build.0 = Debug|Any CPU
		{0CAB781F-8245-48AD-B38E-17C1D6AFC710}.Release|Any CPU.ActiveCfg = Release|Any CPU
		{0CAB781F-8245-48AD-B38E-17C1D6AFC710}.Release|Any CPU.Build.0 = Release|Any CPU
		{A5F6093A-9934-4A74-9C41-A9AFC14E1E9A}.Debug|Any CPU.ActiveCfg = Debug|Any CPU
		{A5F6093A-9934-4A74-9C41-A9AFC14E1E9A}.Debug|Any CPU.Build.0 = Debug|Any CPU
		{A5F6093A-9934-4A74-9C41-A9AFC14E1E9A}.Release|Any CPU.ActiveCfg = Release|Any CPU
		{A5F6093A-9934-4A74-9C41-A9AFC14E1E9A}.Release|Any CPU.Build.0 = Release|Any CPU
		{67A77F7B-73D4-4860-85A2-88EAB1C7CA98}.Debug|Any CPU.ActiveCfg = Debug|Any CPU
		{67A77F7B-73D4-4860-85A2-88EAB1C7CA98}.Debug|Any CPU.Build.0 = Debug|Any CPU
		{67A77F7B-73D4-4860-85A2-88EAB1C7CA98}.Release|Any CPU.ActiveCfg = Release|Any CPU
		{67A77F7B-73D4-4860-85A2-88EAB1C7CA98}.Release|Any CPU.Build.0 = Release|Any CPU
		{FA5FCB64-1ACE-453B-993C-B49CE639FC59}.Debug|Any CPU.ActiveCfg = Debug|Any CPU
		{FA5FCB64-1ACE-453B-993C-B49CE639FC59}.Debug|Any CPU.Build.0 = Debug|Any CPU
		{FA5FCB64-1ACE-453B-993C-B49CE639FC59}.Release|Any CPU.ActiveCfg = Release|Any CPU
		{FA5FCB64-1ACE-453B-993C-B49CE639FC59}.Release|Any CPU.Build.0 = Release|Any CPU
	EndGlobalSection
	GlobalSection(SolutionProperties) = preSolution
		HideSolutionNode = FALSE
	EndGlobalSection
	GlobalSection(ExtensibilityGlobals) = postSolution
		SolutionGuid = {9358AD27-5F07-4A14-8D11-FFAB1440716A}
	EndGlobalSection
EndGlobal
